
Microsoft Visual Studio Solution File, Format Version 11.00
# Visual Studio 2010
Project("{8BC9CEB8-8B4A-11D0-8D11-00A0C91BC942}") = "Homework_Randomnumber", "Homework_Randomnumber\Homework_Randomnumber.vcxproj", "{6697F3DA-881E-4994-9500-29379451A286}"
EndProject
Global
	GlobalSection(SolutionConfigurationPlatforms) = preSolution
		Debug|Win32 = Debug|Win32
		Release|Win32 = Release|Win32
	EndGlobalSection
	GlobalSection(ProjectConfigurationPlatforms) = postSolution
		{6697F3DA-881E-4994-9500-29379451A286}.Debug|Win32.ActiveCfg = Debug|Win32
		{6697F3DA-881E-4994-9500-29379451A286}.Debug|Win32.Build.0 = Debug|Win32
		{6697F3DA-881E-4994-9500-29379451A286}.Release|Win32.ActiveCfg = Release|Win32
		{6697F3DA-881E-4994-9500-29379451A286}.Release|Win32.Build.0 = Release|Win32
	EndGlobalSection
	GlobalSection(SolutionProperties) = preSolution
		HideSolutionNode = FALSE
	EndGlobalSection
EndGlobal
